
Microsoft Visual Studio Solution File, Format Version 12.00
# Visual Studio 15
VisualStudioVersion = 15.0.28010.2048
MinimumVisualStudioVersion = 10.0.40219.1
Project("{9A19103F-16F7-4668-BE54-9A1E7A4F7556}") = "SoftUni", "SoftUni\SoftUni.csproj", "{ED9318B1-BCCB-4A97-A82D-F66B504D1034}"
EndProject
Global
	GlobalSection(SolutionConfigurationPlatforms) = preSolution
		Debug|Any CPU = Debug|Any CPU
		Release|Any CPU = Release|Any CPU
	EndGlobalSection
	GlobalSection(ProjectConfigurationPlatforms) = postSolution
		{ED9318B1-BCCB-4A97-A82D-F66B504D1034}.Debug|Any CPU.ActiveCfg = Debug|Any CPU
		{ED9318B1-BCCB-4A97-A82D-F66B504D1034}.Debug|Any CPU.Build.0 = Debug|Any CPU
		{ED9318B1-BCCB-4A97-A82D-F66B504D1034}.Release|Any CPU.ActiveCfg = Release|Any CPU
		{ED9318B1-BCCB-4A97-A82D-F66B504D1034}.Release|Any CPU.Build.0 = Release|Any CPU
	EndGlobalSection
	GlobalSection(SolutionProperties) = preSolution
		HideSolutionNode = FALSE
	EndGlobalSection
	GlobalSection(ExtensibilityGlobals) = postSolution
		SolutionGuid = {C4644E78-804F-4E39-9194-662BC6036736}
	EndGlobalSection
EndGlobal
