
Microsoft Visual Studio Solution File, Format Version 12.00
# Visual Studio 15
VisualStudioVersion = 15.0.28010.2048
MinimumVisualStudioVersion = 10.0.40219.1
Project("{FAE04EC0-301F-11D3-BF4B-00C04F79EFBC}") = "BillsPaymentSystem.App", "BillsPaymentSystem.App\BillsPaymentSystem.App.csproj", "{20250719-0B7B-41CD-A93F-C47076631D4A}"
EndProject
Project("{FAE04EC0-301F-11D3-BF4B-00C04F79EFBC}") = "BillsPaymentSystem.Data", "BillsPaymentSystem.Data\BillsPaymentSystem.Data.csproj", "{7C3AC31B-A8A5-43B3-B838-37EDD91C60CC}"
EndProject
Project("{FAE04EC0-301F-11D3-BF4B-00C04F79EFBC}") = "BillsPaymentSystem.Models", "BillsPaymentSystem.Models\BillsPaymentSystem.Models.csproj", "{7EC634FE-E899-41BB-BBB7-5C7781082EB7}"
EndProject
Project("{FAE04EC0-301F-11D3-BF4B-00C04F79EFBC}") = "BillsPaymentSystem.Core", "BillsPaymentSystem.Core\BillsPaymentSystem.Core.csproj", "{8569AB8A-7934-4AF1-ACD6-B0AFF0BCBFCC}"
EndProject
Project("{FAE04EC0-301F-11D3-BF4B-00C04F79EFBC}") = "BillsPaymentSystem.Initializer", "BillsPaymentSystem.Initializer\BillsPaymentSystem.Initializer.csproj", "{7EA31897-B4CF-494C-B60E-0E90C163D15D}"
EndProject
Global
	GlobalSection(SolutionConfigurationPlatforms) = preSolution
		Debug|Any CPU = Debug|Any CPU
		Release|Any CPU = Release|Any CPU
	EndGlobalSection
	GlobalSection(ProjectConfigurationPlatforms) = postSolution
		{20250719-0B7B-41CD-A93F-C47076631D4A}.Debug|Any CPU.ActiveCfg = Debug|Any CPU
		{20250719-0B7B-41CD-A93F-C47076631D4A}.Debug|Any CPU.Build.0 = Debug|Any CPU
		{20250719-0B7B-41CD-A93F-C47076631D4A}.Release|Any CPU.ActiveCfg = Release|Any CPU
		{20250719-0B7B-41CD-A93F-C47076631D4A}.Release|Any CPU.Build.0 = Release|Any CPU
		{7C3AC31B-A8A5-43B3-B838-37EDD91C60CC}.Debug|Any CPU.ActiveCfg = Debug|Any CPU
		{7C3AC31B-A8A5-43B3-B838-37EDD91C60CC}.Debug|Any CPU.Build.0 = Debug|Any CPU
		{7C3AC31B-A8A5-43B3-B838-37EDD91C60CC}.Release|Any CPU.ActiveCfg = Release|Any CPU
		{7C3AC31B-A8A5-43B3-B838-37EDD91C60CC}.Release|Any CPU.Build.0 = Release|Any CPU
		{7EC634FE-E899-41BB-BBB7-5C7781082EB7}.Debug|Any CPU.ActiveCfg = Debug|Any CPU
		{7EC634FE-E899-41BB-BBB7-5C7781082EB7}.Debug|Any CPU.Build.0 = Debug|Any CPU
		{7EC634FE-E899-41BB-BBB7-5C7781082EB7}.Release|Any CPU.ActiveCfg = Release|Any CPU
		{7EC634FE-E899-41BB-BBB7-5C7781082EB7}.Release|Any CPU.Build.0 = Release|Any CPU
		{8569AB8A-7934-4AF1-ACD6-B0AFF0BCBFCC}.Debug|Any CPU.ActiveCfg = Debug|Any CPU
		{8569AB8A-7934-4AF1-ACD6-B0AFF0BCBFCC}.Debug|Any CPU.Build.0 = Debug|Any CPU
		{8569AB8A-7934-4AF1-ACD6-B0AFF0BCBFCC}.Release|Any CPU.ActiveCfg = Release|Any CPU
		{8569AB8A-7934-4AF1-ACD6-B0AFF0BCBFCC}.Release|Any CPU.Build.0 = Release|Any CPU
		{7EA31897-B4CF-494C-B60E-0E90C163D15D}.Debug|Any CPU.ActiveCfg = Debug|Any CPU
		{7EA31897-B4CF-494C-B60E-0E90C163D15D}.Debug|Any CPU.Build.0 = Debug|Any CPU
		{7EA31897-B4CF-494C-B60E-0E90C163D15D}.Release|Any CPU.ActiveCfg = Release|Any CPU
		{7EA31897-B4CF-494C-B60E-0E90C163D15D}.Release|Any CPU.Build.0 = Release|Any CPU
	EndGlobalSection
	GlobalSection(SolutionProperties) = preSolution
		HideSolutionNode = FALSE
	EndGlobalSection
	GlobalSection(ExtensibilityGlobals) = postSolution
		SolutionGuid = {D19E5CBB-36DC-4550-A04A-B3D0397FD1A6}
	EndGlobalSection
EndGlobal
