
Microsoft Visual Studio Solution File, Format Version 12.00
# Visual Studio 15
VisualStudioVersion = 15.0.28010.2048
MinimumVisualStudioVersion = 10.0.40219.1
Project("{9A19103F-16F7-4668-BE54-9A1E7A4F7556}") = "MiniORM", "MiniORM.csproj", "{2D0CF0DF-2E8C-46D5-A90F-2750E51F3434}"
EndProject
Project("{FAE04EC0-301F-11D3-BF4B-00C04F79EFBC}") = "MiniORM.App", "..\MiniORM.App\MiniORM.App.csproj", "{ACA5371D-AE05-47DD-817C-E6052654FEF7}"
EndProject
Global
	GlobalSection(SolutionConfigurationPlatforms) = preSolution
		Debug|Any CPU = Debug|Any CPU
		Release|Any CPU = Release|Any CPU
	EndGlobalSection
	GlobalSection(ProjectConfigurationPlatforms) = postSolution
		{2D0CF0DF-2E8C-46D5-A90F-2750E51F3434}.Debug|Any CPU.ActiveCfg = Debug|Any CPU
		{2D0CF0DF-2E8C-46D5-A90F-2750E51F3434}.Debug|Any CPU.Build.0 = Debug|Any CPU
		{2D0CF0DF-2E8C-46D5-A90F-2750E51F3434}.Release|Any CPU.ActiveCfg = Release|Any CPU
		{2D0CF0DF-2E8C-46D5-A90F-2750E51F3434}.Release|Any CPU.Build.0 = Release|Any CPU
		{ACA5371D-AE05-47DD-817C-E6052654FEF7}.Debug|Any CPU.ActiveCfg = Debug|Any CPU
		{ACA5371D-AE05-47DD-817C-E6052654FEF7}.Debug|Any CPU.Build.0 = Debug|Any CPU
		{ACA5371D-AE05-47DD-817C-E6052654FEF7}.Release|Any CPU.ActiveCfg = Release|Any CPU
		{ACA5371D-AE05-47DD-817C-E6052654FEF7}.Release|Any CPU.Build.0 = Release|Any CPU
	EndGlobalSection
	GlobalSection(SolutionProperties) = preSolution
		HideSolutionNode = FALSE
	EndGlobalSection
	GlobalSection(ExtensibilityGlobals) = postSolution
		SolutionGuid = {3DDA69AC-85A4-4462-AB01-3DD4B0F34A12}
	EndGlobalSection
EndGlobal
